
Microsoft Visual Studio Solution File, Format Version 11.00
# Visual Studio 2010
Project("{FAE04EC0-301F-11D3-BF4B-00C04F79EFBC}") = "CSJSONBacklogSample", "CSJSONBacklogSample\CSJSONBacklogSample.csproj", "{CB5BF00E-CE2C-4601-AB81-509B3F65393E}"
EndProject
Project("{2150E333-8FDC-42A3-9474-1A3956D46DE8}") = ".nuget", ".nuget", "{FAA72AA7-C14B-4141-9499-ED9C659D8F48}"
	ProjectSection(SolutionItems) = preProject
		.nuget\NuGet.Config = .nuget\NuGet.Config
		.nuget\NuGet.exe = .nuget\NuGet.exe
		.nuget\NuGet.targets = .nuget\NuGet.targets
	EndProjectSection
EndProject
Project("{FAE04EC0-301F-11D3-BF4B-00C04F79EFBC}") = "CSJSONBacklogTest", "CSJSONBacklogTest\CSJSONBacklogTest.csproj", "{910A8C7A-6D95-4287-A528-6D6815DC158B}"
EndProject
Project("{2150E333-8FDC-42A3-9474-1A3956D46DE8}") = "Solution Items", "Solution Items", "{126BDF69-C79B-451F-B632-EFDEDF635AFB}"
	ProjectSection(SolutionItems) = preProject
		CSJSONBacklog.vsmdi = CSJSONBacklog.vsmdi
		Local.testsettings = Local.testsettings
		TraceAndTestImpact.testsettings = TraceAndTestImpact.testsettings
	EndProjectSection
EndProject
Project("{FAE04EC0-301F-11D3-BF4B-00C04F79EFBC}") = "CSJSONBacklog", "CSJSONBacklog\CSJSONBacklog.csproj", "{74EC8B3C-6CF4-4B82-9E20-88128A05150A}"
EndProject
Global
	GlobalSection(TestCaseManagementSettings) = postSolution
		CategoryFile = CSJSONBacklog.vsmdi
	EndGlobalSection
	GlobalSection(SolutionConfigurationPlatforms) = preSolution
		Debug|Any CPU = Debug|Any CPU
		Release|Any CPU = Release|Any CPU
	EndGlobalSection
	GlobalSection(ProjectConfigurationPlatforms) = postSolution
		{CB5BF00E-CE2C-4601-AB81-509B3F65393E}.Debug|Any CPU.ActiveCfg = Debug|Any CPU
		{CB5BF00E-CE2C-4601-AB81-509B3F65393E}.Debug|Any CPU.Build.0 = Debug|Any CPU
		{CB5BF00E-CE2C-4601-AB81-509B3F65393E}.Release|Any CPU.ActiveCfg = Release|Any CPU
		{CB5BF00E-CE2C-4601-AB81-509B3F65393E}.Release|Any CPU.Build.0 = Release|Any CPU
		{910A8C7A-6D95-4287-A528-6D6815DC158B}.Debug|Any CPU.ActiveCfg = Debug|Any CPU
		{910A8C7A-6D95-4287-A528-6D6815DC158B}.Debug|Any CPU.Build.0 = Debug|Any CPU
		{910A8C7A-6D95-4287-A528-6D6815DC158B}.Release|Any CPU.ActiveCfg = Release|Any CPU
		{910A8C7A-6D95-4287-A528-6D6815DC158B}.Release|Any CPU.Build.0 = Release|Any CPU
		{74EC8B3C-6CF4-4B82-9E20-88128A05150A}.Debug|Any CPU.ActiveCfg = Debug|Any CPU
		{74EC8B3C-6CF4-4B82-9E20-88128A05150A}.Debug|Any CPU.Build.0 = Debug|Any CPU
		{74EC8B3C-6CF4-4B82-9E20-88128A05150A}.Release|Any CPU.ActiveCfg = Release|Any CPU
		{74EC8B3C-6CF4-4B82-9E20-88128A05150A}.Release|Any CPU.Build.0 = Release|Any CPU
	EndGlobalSection
	GlobalSection(SolutionProperties) = preSolution
		HideSolutionNode = FALSE
	EndGlobalSection
EndGlobal
